# This file is autogenerated, do not edit; changes may be undone by the next 'dep ensure'.


[[projects]]
  branch = "master"
  digest = "1:6137d6a8165663e811783e3c464c3188f83472ac047d2382ee73eac68b3d3476"
  name = "github.com/awa/go-iap"
  packages = ["appstore"]
  pruneopts = "UT"
  revision = "62ff60fc71ef26ad883a1d39d3ef0e55a6a1c8ef"

[solve-meta]
  analyzer-name = "dep"
  analyzer-version = 1
  input-imports = ["github.com/awa/go-iap/appstore"]
  solver-name = "gps-cdcl"
  solver-version = 1
